		305233722A91DCD7006DF15D /* Position.c in Sources */ = {isa = PBXBuildFile; fileRef = 305233712A91DCD7006DF15D /* Position.c */; };
		305233762A91DF02006DF15D /* Arguments.c in Sources */ = {isa = PBXBuildFile; fileRef = 305233752A91DF02006DF15D /* Arguments.c */; };
/* End PBXBuildFile section */

/* Begin PBXCopyFilesBuildPhase section */
		3052335E2A91AA31006DF15D /* CopyFiles */ = {
			isa = PBXCopyFilesBuildPhase;
			buildActionMask = 2147483647;
			dstPath = /usr/share/man/man1/;
			dstSubfolderSpec = 0;
			files = (
			);
			runOnlyForDeploymentPostprocessing = 1;
		};
/* End PBXCopyFilesBuildPhase section */

/* Begin PBXFileReference section */
		305233602A91AA31006DF15D /* test-sky-scrapper */ = {isa = PBXFileReference; explicitFileType = "compiled.mach-o.executable"; includeInIndex = 0; path = "test-sky-scrapper"; sourceTree = BUILT_PRODUCTS_DIR; };
		305233632A91AA31006DF15D /* main.c */ = {isa = PBXFileReference; lastKnownFileType = sourcecode.c.c; path = main.c; sourceTree = "<group>"; };
		3052336A2A91DBD0006DF15D /* PossibleValues.h */ = {isa = PBXFileReference; lastKnownFileType = sourcecode.c.h; path = PossibleValues.h; sourceTree = "<group>"; };
		3052336B2A91DBF8006DF15D /* PossibleValues.c */ = {isa = PBXFileReference; lastKnownFileType = sourcecode.c.c; path = PossibleValues.c; sourceTree = "<group>"; };
		3052336D2A91DC2F006DF15D /* WriteToConsole.h */ = {isa = PBXFileReference; lastKnownFileType = sourcecode.c.h; path = WriteToConsole.h; sourceTree = "<group>"; };
		3052336E2A91DC2F006DF15D /* WriteToConsole.c */ = {isa = PBXFileReference; lastKnownFileType = sourcecode.c.c; path = WriteToConsole.c; sourceTree = "<group>"; };
		305233702A91DCD7006DF15D /* Position.h */ = {isa = PBXFileReference; lastKnownFileType = sourcecode.c.h; path = Position.h; sourceTree = "<group>"; };
		305233712A91DCD7006DF15D /* Position.c */ = {isa = PBXFileReference; lastKnownFileType = sourcecode.c.c; path = Position.c; sourceTree = "<group>"; };
		305233732A91DE01006DF15D /* Constants.h */ = {isa = PBXFileReference; lastKnownFileType = sourcecode.c.h; path = Constants.h; sourceTree = "<group>"; };
		305233742A91DF02006DF15D /* Arguments.h */ = {isa = PBXFileReference; lastKnownFileType = sourcecode.c.h; path = Arguments.h; sourceTree = "<group>"; };
		305233752A91DF02006DF15D /* Arguments.c */ = {isa = PBXFileReference; lastKnownFileType = sourcecode.c.c; path = Arguments.c; sourceTree = "<group>"; };
/* End PBXFileReference section */

/* Begin PBXFrameworksBuildPhase section */
		3052335D2A91AA31006DF15D /* Frameworks */ = {
			isa = PBXFrameworksBuildPhase;
			buildActionMask = 2147483647;
			files = (
			);
			runOnlyForDeploymentPostprocessing = 0;
		};
/* End PBXFrameworksBuildPhase section */

/* Begin PBXGroup section */
		305233572A91AA31006DF15D = {
			isa = PBXGroup;
			children = (
				305233622A91AA31006DF15D /* test-sky-scrapper */,
				305233612A91AA31006DF15D /* Products */,
			);
			sourceTree = "<group>";
		};
		305233612A91AA31006DF15D /* Products */ = {
			isa = PBXGroup;
			children = (
				305233602A91AA31006DF15D /* test-sky-scrapper */,
			);
			name = Products;
			sourceTree = "<group>";
		};
		305233622A91AA31006DF15D /* test-sky-scrapper */ = {
			isa = PBXGroup;
			children = (
				305233632A91AA31006DF15D /* main.c */,
				3052336A2A91DBD0006DF15D /* PossibleValues.h */,
				3052336B2A91DBF8006DF15D /* PossibleValues.c */,
				3052336D2A91DC2F006DF15D /* WriteToConsole.h */,
				3052336E2A91DC2F006DF15D /* WriteToConsole.c */,
				305233702A91DCD7006DF15D /* Position.h */,
				305233712A91DCD7006DF15D /* Position.c */,
				305233732A91DE01006DF15D /* Constants.h */,
				305233742A91DF02006DF15D /* Arguments.h */,
				305233752A91DF02006DF15D /* Arguments.c */,
			);
			path = "test-sky-scrapper";
			sourceTree = "<group>";
		};
/* End PBXGroup section */

/* Begin PBXNativeTarget section */
		3052335F2A91AA31006DF15D /* test-sky-scrapper */ = {
			isa = PBXNativeTarget;
			buildConfigurationList = 305233672A91AA31006DF15D /* Build configuration list for PBXNativeTarget "test-sky-scrapper" */;
			buildPhases = (
				3052335C2A91AA31006DF15D /* Sources */,
				3052335D2A91AA31006DF15D /* Frameworks */,
				3052335E2A91AA31006DF15D /* CopyFiles */,
			);
			buildRules = (
			);
			dependencies = (
			);
			name = "test-sky-scrapper";
			productName = "test-sky-scrapper";
			productReference = 305233602A91AA31006DF15D /* test-sky-scrapper */;
			productType = "com.apple.product-type.tool";
		};
/* End PBXNativeTarget section */

/* Begin PBXProject section */
		305233582A91AA31006DF15D /* Project object */ = {
			isa = PBXProject;
			attributes = {
				BuildIndependentTargetsInParallel = 1;
				LastUpgradeCheck = 1500;
				TargetAttributes = {
					3052335F2A91AA31006DF15D = {
						CreatedOnToolsVersion = 15.0;
					};
				};
			};
			buildConfigurationList = 3052335B2A91AA31006DF15D /* Build configuration list for PBXProject "test-sky-scrapper" */;
			compatibilityVersion = "Xcode 14.0";
			developmentRegion = en;
			hasScannedForEncodings = 0;
			knownRegions = (
				en,
				Base,
			);
			mainGroup = 305233572A91AA31006DF15D;
			productRefGroup = 305233612A91AA31006DF15D /* Products */;
			projectDirPath = "";
			projectRoot = "";
			targets = (
				3052335F2A91AA31006DF15D /* test-sky-scrapper */,
			);
		};
/* End PBXProject section */

/* Begin PBXSourcesBuildPhase section */
		3052335C2A91AA31006DF15D /* Sources */ = {
			isa = PBXSourcesBuildPhase;
			buildActionMask = 2147483647;
			files = (
				305233762A91DF02006DF15D /* Arguments.c in Sources */,
				305233722A91DCD7006DF15D /* Position.c in Sources */,
				3052336C2A91DBF8006DF15D /* PossibleValues.c in Sources */,
				3052336F2A91DC2F006DF15D /* WriteToConsole.c in Sources */,
				305233642A91AA31006DF15D /* main.c in Sources */,
			);
			runOnlyForDeploymentPostprocessing = 0;
		};
/* End PBXSourcesBuildPhase section */

/* Begin XCBuildConfiguration section */
		305233652A91AA31006DF15D /* Debug */ = {
			isa = XCBuildConfiguration;
			buildSettings = {
				ALWAYS_SEARCH_USER_PATHS = NO;
				ASSETCATALOG_COMPILER_GENERATE_SWIFT_ASSET_SYMBOL_EXTENSIONS = YES;
				CLANG_ANALYZER_NONNULL = YES;
				CLANG_ANALYZER_NUMBER_OBJECT_CONVERSION = YES_AGGRESSIVE;
				CLANG_CXX_LANGUAGE_STANDARD = "gnu++20";
				CLANG_ENABLE_MODULES = YES;
				CLANG_ENABLE_OBJC_ARC = YES;
				CLANG_ENABLE_OBJC_WEAK = YES;
				CLANG_WARN_BLOCK_CAPTURE_AUTORELEASING = YES;
				CLANG_WARN_BOOL_CONVERSION = YES;
				CLANG_WARN_COMMA = YES;
				CLANG_WARN_CONSTANT_CONVERSION = YES;
				CLANG_WARN_DEPRECATED_OBJC_IMPLEMENTATIONS = YES;
				CLANG_WARN_DIRECT_OBJC_ISA_USAGE = YES_ERROR;
				CLANG_WARN_DOCUMENTATION_COMMENTS = YES;
				CLANG_WARN_EMPTY_BODY = YES;
				CLANG_WARN_ENUM_CONVERSION = YES;
				CLANG_WARN_INFINITE_RECURSION = YES;
				CLANG_WARN_INT_CONVERSION = YES;
				CLANG_WARN_NON_LITERAL_NULL_CONVERSION = YES;
				CLANG_WARN_OBJC_IMPLICIT_RETAIN_SELF = YES;
				CLANG_WARN_OBJC_LITERAL_CONVERSION = YES;
				CLANG_WARN_OBJC_ROOT_CLASS = YES_ERROR;
				CLANG_WARN_QUOTED_INCLUDE_IN_FRAMEWORK_HEADER = YES;
				CLANG_WARN_RANGE_LOOP_ANALYSIS = YES;
				CLANG_WARN_STRICT_PROTOTYPES = YES;
				CLANG_WARN_SUSPICIOUS_MOVE = YES;
				CLANG_WARN_UNGUARDED_AVAILABILITY = YES_AGGRESSIVE;
				CLANG_WARN_UNREACHABLE_CODE = YES;
				CLANG_WARN__DUPLICATE_METHOD_MATCH = YES;
				COPY_PHASE_STRIP = NO;
				DEBUG_INFORMATION_FORMAT = dwarf;
				ENABLE_STRICT_OBJC_MSGSEND = YES;
				ENABLE_TESTABILITY = YES;
				ENABLE_USER_SCRIPT_SANDBOXING = YES;
				GCC_C_LANGUAGE_STANDARD = gnu17;
				GCC_DYNAMIC_NO_PIC = NO;
				GCC_NO_COMMON_BLOCKS = YES;
				GCC_OPTIMIZATION_LEVEL = 0;
				GCC_PREPROCESSOR_DEFINITIONS = (
					"DEBUG=1",
					"$(inherited)",
				);
				GCC_WARN_64_TO_32_BIT_CONVERSION = YES;
				GCC_WARN_ABOUT_RETURN_TYPE = YES_ERROR;
				GCC_WARN_UNDECLARED_SELECTOR = YES;
				GCC_WARN_UNINITIALIZED_AUTOS = YES_AGGRESSIVE;
				GCC_WARN_UNUSED_FUNCTION = YES;
				GCC_WARN_UNUSED_VARIABLE = YES;
				LOCALIZATION_PREFERS_STRING_CATALOGS = YES;
				MACOSX_DEPLOYMENT_TARGET = 14.0;
				MTL_ENABLE_DEBUG_INFO = INCLUDE_SOURCE;
				MTL_FAST_MATH = YES;
				ONLY_ACTIVE_ARCH = YES;
				SDKROOT = macosx;
			};
			name = Debug;
		};
		305233662A91AA31006DF15D /* Release */ = {
			isa = XCBuildConfiguration;
			buildSettings = {
				ALWAYS_SEARCH_USER_PATHS = NO;
				ASSETCATALOG_COMPILER_GENERATE_SWIFT_ASSET_SYMBOL_EXTENSIONS = YES;
				CLANG_ANALYZER_NONNULL = YES;
				CLANG_ANALYZER_NUMBER_OBJECT_CONVERSION = YES_AGGRESSIVE;
				CLANG_CXX_LANGUAGE_STANDARD = "gnu++20";
				CLANG_ENABLE_MODULES = YES;
				CLANG_ENABLE_OBJC_ARC = YES;
				CLANG_ENABLE_OBJC_WEAK = YES;
				CLANG_WARN_BLOCK_CAPTURE_AUTORELEASING = YES;
				CLANG_WARN_BOOL_CONVERSION = YES;
				CLANG_WARN_COMMA = YES;
				CLANG_WARN_CONSTANT_CONVERSION = YES;
				CLANG_WARN_DEPRECATED_OBJC_IMPLEMENTATIONS = YES;
				CLANG_WARN_DIRECT_OBJC_ISA_USAGE = YES_ERROR;
				CLANG_WARN_DOCUMENTATION_COMMENTS = YES;
				CLANG_WARN_EMPTY_BODY = YES;
				CLANG_WARN_ENUM_CONVERSION = YES;
				CLANG_WARN_INFINITE_RECURSION = YES;
				CLANG_WARN_INT_CONVERSION = YES;
				CLANG_WARN_NON_LITERAL_NULL_CONVERSION = YES;
				CLANG_WARN_OBJC_IMPLICIT_RETAIN_SELF = YES;
				CLANG_WARN_OBJC_LITERAL_CONVERSION = YES;
				CLANG_WARN_OBJC_ROOT_CLASS = YES_ERROR;
				CLANG_WARN_QUOTED_INCLUDE_IN_FRAMEWORK_HEADER = YES;
				CLANG_WARN_RANGE_LOOP_ANALYSIS = YES;
				CLANG_WARN_STRICT_PROTOTYPES = YES;
				CLANG_WARN_SUSPICIOUS_MOVE = YES;
				CLANG_WARN_UNGUARDED_AVAILABILITY = YES_AGGRESSIVE;
				CLANG_WARN_UNREACHABLE_CODE = YES;
				CLANG_WARN__DUPLICATE_METHOD_MATCH = YES;
				COPY_PHASE_STRIP = NO;
				DEBUG_INFORMATION_FORMAT = "dwarf-with-dsym";
				ENABLE_NS_ASSERTIONS = NO;
				ENABLE_STRICT_OBJC_MSGSEND = YES;
				ENABLE_USER_SCRIPT_SANDBOXING = YES;
				GCC_C_LANGUAGE_STANDARD = gnu17;
				GCC_NO_COMMON_BLOCKS = YES;
				GCC_WARN_64_TO_32_BIT_CONVERSION = YES;
				GCC_WARN_ABOUT_RETURN_TYPE = YES_ERROR;
				GCC_WARN_UNDECLARED_SELECTOR = YES;
				GCC_WARN_UNINITIALIZED_AUTOS = YES_AGGRESSIVE;
				GCC_WARN_UNUSED_FUNCTION = YES;
				GCC_WARN_UNUSED_VARIABLE = YES;
				LOCALIZATION_PREFERS_STRING_CATALOGS = YES;
				MACOSX_DEPLOYMENT_TARGET = 14.0;
				MTL_ENABLE_DEBUG_INFO = NO;
				MTL_FAST_MATH = YES;
				SDKROOT = macosx;
			};
			name = Release;
		};
		305233682A91AA31006DF15D /* Debug */ = {
			isa = XCBuildConfiguration;
			buildSettings = {
				CODE_SIGN_STYLE = Automatic;
				DEVELOPMENT_TEAM = FW839N4Y3A;
				ENABLE_HARDENED_RUNTIME = YES;
				PRODUCT_NAME = "$(TARGET_NAME)";
			};
			name = Debug;
		};
		305233692A91AA31006DF15D /* Release */ = {
			isa = XCBuildConfiguration;
			buildSettings = {
				CODE_SIGN_STYLE = Automatic;
				DEVELOPMENT_TEAM = FW839N4Y3A;
				ENABLE_HARDENED_RUNTIME = YES;
				PRODUCT_NAME = "$(TARGET_NAME)";
			};
			name = Release;
		};
/* End XCBuildConfiguration section */

/* Begin XCConfigurationList section */
		3052335B2A91AA31006DF15D /* Build configuration list for PBXProject "test-sky-scrapper" */ = {
			isa = XCConfigurationList;
			buildConfigurations = (
				305233652A91AA31006DF15D /* Debug */,
				305233662A91AA31006DF15D /* Release */,
			);
			defaultConfigurationIsVisible = 0;
			defaultConfigurationName = Release;
		};
		305233672A91AA31006DF15D /* Build configuration list for PBXNativeTarget "test-sky-scrapper" */ = {
			isa = XCConfigurationList;
			buildConfigurations = (
				305233682A91AA31006DF15D /* Debug */,
				305233692A91AA31006DF15D /* Release */,
			);
			defaultConfigurationIsVisible = 0;
			defaultConfigurationName = Release;
		};
/* End XCConfigurationList section */
	};
	rootObject = 305233582A91AA31006DF15D /* Project object */;
}
